{
  "projects": [
    {
      "projectId": "4a4asApkm6hESDYKtdyu2N",
      "version": "latest",
      "dependencies": {},
      "lang": "ts",
      "fileLocks": [
        {
          "type": "globalVariant",
          "assetId": "fexfuEBwKf3q",
          "checksum": "aaaa0e1f564b379c059aa847cf91dac3"
        },
        {
          "type": "renderModule",
          "assetId": "dwwYm9-1Net",
          "checksum": "0c50df01a751c72e9caa1e719fd70eb4"
        },
        {
          "type": "cssRules",
          "assetId": "dwwYm9-1Net",
          "checksum": "0c50df01a751c72e9caa1e719fd70eb4"
        },
        {
          "type": "renderModule",
          "assetId": "WB6h5LQiaaY8",
          "checksum": "e5979d295ac94b705eba88bf7571805f"
        },
        {
          "type": "cssRules",
          "assetId": "WB6h5LQiaaY8",
          "checksum": "e5979d295ac94b705eba88bf7571805f"
        },
        {
          "type": "renderModule",
          "assetId": "YifvoXt3BSlX",
          "checksum": "1190094eba7598538ff664582efd9fa6"
        },
        {
          "type": "cssRules",
          "assetId": "YifvoXt3BSlX",
          "checksum": "1190094eba7598538ff664582efd9fa6"
        },
        {
          "type": "renderModule",
          "assetId": "vwbA6W7e_64X",
          "checksum": "7023d8f42911a5b7bf466272ce70027c"
        },
        {
          "type": "cssRules",
          "assetId": "vwbA6W7e_64X",
          "checksum": "7023d8f42911a5b7bf466272ce70027c"
        },
        {
          "type": "renderModule",
          "assetId": "OTuzjleeHGwD",
          "checksum": "f633452518b9054cbf5744195faf5432"
        },
        {
          "type": "cssRules",
          "assetId": "OTuzjleeHGwD",
          "checksum": "f633452518b9054cbf5744195faf5432"
        },
        {
          "type": "renderModule",
          "assetId": "ggrG4g-sDOsL",
          "checksum": "7b56df3f2eeafbfad299871cd3f86f47"
        },
        {
          "type": "cssRules",
          "assetId": "ggrG4g-sDOsL",
          "checksum": "7b56df3f2eeafbfad299871cd3f86f47"
        },
        {
          "type": "renderModule",
          "assetId": "-7Lp1vdbVUgG",
          "checksum": "fb21c89ce63fb04df1b89deeaf76d69d"
        },
        {
          "type": "cssRules",
          "assetId": "-7Lp1vdbVUgG",
          "checksum": "fb21c89ce63fb04df1b89deeaf76d69d"
        },
        {
          "type": "renderModule",
          "assetId": "RA0kcS6NzhvF",
          "checksum": "2ccacdd9ba8b931dd39a1924af1c66e9"
        },
        {
          "type": "cssRules",
          "assetId": "RA0kcS6NzhvF",
          "checksum": "2ccacdd9ba8b931dd39a1924af1c66e9"
        },
        {
          "type": "renderModule",
          "assetId": "hJcqnmW0bQuh",
          "checksum": "4d31827543c3d50fadabe25f54180ccc"
        },
        {
          "type": "cssRules",
          "assetId": "hJcqnmW0bQuh",
          "checksum": "4d31827543c3d50fadabe25f54180ccc"
        },
        {
          "type": "renderModule",
          "assetId": "aBt1NRUsayI0",
          "checksum": "f18c552743c2534fdc76d4fe832cdec7"
        },
        {
          "type": "cssRules",
          "assetId": "aBt1NRUsayI0",
          "checksum": "f18c552743c2534fdc76d4fe832cdec7"
        },
        {
          "type": "renderModule",
          "assetId": "qHry5XO3se",
          "checksum": "73cf3b70817886aee7b1acf266bd705d"
        },
        {
          "type": "cssRules",
          "assetId": "qHry5XO3se",
          "checksum": "73cf3b70817886aee7b1acf266bd705d"
        },
        {
          "type": "image",
          "assetId": "pcLtgNqgipGe",
          "checksum": "028751e9b1826a49cecf01565509523a"
        },
        {
          "type": "image",
          "assetId": "q9yrlHL2eL",
          "checksum": "02d4898d88de5f57e87c7e57b77532f7"
        },
        {
          "type": "image",
          "assetId": "Vv7sEZavy",
          "checksum": "ae4e0a15b3dae2dd191476b18fa66c72"
        },
        {
          "type": "renderModule",
          "assetId": "GrIe7_lVtx",
          "checksum": "21d22f89abbc5ad50b4c4fa4ba9a8d54"
        },
        {
          "type": "cssRules",
          "assetId": "GrIe7_lVtx",
          "checksum": "21d22f89abbc5ad50b4c4fa4ba9a8d54"
        },
        {
          "type": "renderModule",
          "assetId": "LomW3_gnOH",
          "checksum": "10de3ba9e59195ce5e7d94966adc31fa"
        },
        {
          "type": "cssRules",
          "assetId": "LomW3_gnOH",
          "checksum": "10de3ba9e59195ce5e7d94966adc31fa"
        },
        {
          "type": "renderModule",
          "assetId": "Qx2EHlFquu",
          "checksum": "671b5fa5b22d96676c111f7aadf7539b"
        },
        {
          "type": "cssRules",
          "assetId": "Qx2EHlFquu",
          "checksum": "671b5fa5b22d96676c111f7aadf7539b"
        },
        {
          "type": "icon",
          "assetId": "u0-NGqUIGUnB",
          "checksum": "ce3765b9755c683ae48d1800a2750c06"
        },
        {
          "type": "icon",
          "assetId": "9OadaZQsgX4n",
          "checksum": "a14693e68a445b57e961a5a994946b4b"
        },
        {
          "type": "icon",
          "assetId": "aUhSDn7lt2",
          "checksum": "96eaaab5c3944f47a2318ca5a3172d03"
        },
        {
          "type": "icon",
          "assetId": "XsHXLVKev",
          "checksum": "ef808c3079d9f1e7991b233faf464dfd"
        },
        {
          "type": "icon",
          "assetId": "2vaDiSQ8y",
          "checksum": "4496574a128781fb6bfdc40b5f0e4748"
        },
        {
          "type": "icon",
          "assetId": "i179dYQDQ7",
          "checksum": "b7fc135c70b2f14ceb8f4e70f62a2f88"
        },
        {
          "type": "icon",
          "assetId": "9yB8Wkgc6o",
          "checksum": "d40a60b4c0a94a4ecfd5d07447189924"
        },
        {
          "type": "image",
          "assetId": "9TFQsuGWi",
          "checksum": "1ec6482276a067d1589d752147117d88"
        },
        {
          "assetId": "4a4asApkm6hESDYKtdyu2N",
          "type": "projectCss",
          "checksum": "7189fecfeec3a11a36428609e827342e"
        }
      ],
      "codegenVersion": "0.0.1"
    }
  ],
  "cliVersion": "0.1.160"
}
