{
  "projects": [
    {
      "projectId": "4a4asApkm6hESDYKtdyu2N",
      "version": "latest",
      "dependencies": {},
      "lang": "ts",
      "fileLocks": [
        {
          "type": "globalVariant",
          "assetId": "fexfuEBwKf3q",
          "checksum": "c1a8d126571c89dc720092248db66d86"
        },
        {
          "type": "renderModule",
          "assetId": "dwwYm9-1Net",
          "checksum": "4cc71838e9aa7ce9a3a3bab128276de7"
        },
        {
          "type": "cssRules",
          "assetId": "dwwYm9-1Net",
          "checksum": "4cc71838e9aa7ce9a3a3bab128276de7"
        },
        {
          "type": "renderModule",
          "assetId": "WB6h5LQiaaY8",
          "checksum": "5c25844142c714c49f5e80da5255c603"
        },
        {
          "type": "cssRules",
          "assetId": "WB6h5LQiaaY8",
          "checksum": "5c25844142c714c49f5e80da5255c603"
        },
        {
          "type": "renderModule",
          "assetId": "YifvoXt3BSlX",
          "checksum": "e766b1912ac9c47689ef6e7acc8ea1ac"
        },
        {
          "type": "cssRules",
          "assetId": "YifvoXt3BSlX",
          "checksum": "e766b1912ac9c47689ef6e7acc8ea1ac"
        },
        {
          "type": "renderModule",
          "assetId": "vwbA6W7e_64X",
          "checksum": "cc47716d8c072cde53b577fc347a2e1f"
        },
        {
          "type": "cssRules",
          "assetId": "vwbA6W7e_64X",
          "checksum": "cc47716d8c072cde53b577fc347a2e1f"
        },
        {
          "type": "renderModule",
          "assetId": "OTuzjleeHGwD",
          "checksum": "399dd2d4f59c23367770c6de69213885"
        },
        {
          "type": "cssRules",
          "assetId": "OTuzjleeHGwD",
          "checksum": "399dd2d4f59c23367770c6de69213885"
        },
        {
          "type": "renderModule",
          "assetId": "ggrG4g-sDOsL",
          "checksum": "e4970276d855cf472552029e170dcead"
        },
        {
          "type": "cssRules",
          "assetId": "ggrG4g-sDOsL",
          "checksum": "e4970276d855cf472552029e170dcead"
        },
        {
          "type": "renderModule",
          "assetId": "-7Lp1vdbVUgG",
          "checksum": "a3de0613700213be7cde4992cb80b311"
        },
        {
          "type": "cssRules",
          "assetId": "-7Lp1vdbVUgG",
          "checksum": "a3de0613700213be7cde4992cb80b311"
        },
        {
          "type": "renderModule",
          "assetId": "RA0kcS6NzhvF",
          "checksum": "2c0f8faa7e46182b8a8114dacfb11d55"
        },
        {
          "type": "cssRules",
          "assetId": "RA0kcS6NzhvF",
          "checksum": "2c0f8faa7e46182b8a8114dacfb11d55"
        },
        {
          "type": "renderModule",
          "assetId": "hJcqnmW0bQuh",
          "checksum": "3f8a971d91ec9fb9ab7c8a0202e3a29d"
        },
        {
          "type": "cssRules",
          "assetId": "hJcqnmW0bQuh",
          "checksum": "3f8a971d91ec9fb9ab7c8a0202e3a29d"
        },
        {
          "type": "renderModule",
          "assetId": "aBt1NRUsayI0",
          "checksum": "c962f0cf5091a7ebd2cd34645534c059"
        },
        {
          "type": "cssRules",
          "assetId": "aBt1NRUsayI0",
          "checksum": "c962f0cf5091a7ebd2cd34645534c059"
        },
        {
          "type": "renderModule",
          "assetId": "qHry5XO3se",
          "checksum": "988f53c07af03e0798fe52025c8efbe7"
        },
        {
          "type": "cssRules",
          "assetId": "qHry5XO3se",
          "checksum": "988f53c07af03e0798fe52025c8efbe7"
        },
        {
          "type": "image",
          "assetId": "pcLtgNqgipGe",
          "checksum": "028751e9b1826a49cecf01565509523a"
        },
        {
          "type": "image",
          "assetId": "q9yrlHL2eL",
          "checksum": "02d4898d88de5f57e87c7e57b77532f7"
        },
        {
          "type": "image",
          "assetId": "Vv7sEZavy",
          "checksum": "ae4e0a15b3dae2dd191476b18fa66c72"
        },
        {
          "type": "renderModule",
          "assetId": "GrIe7_lVtx",
          "checksum": "5206cf3e3cf5cbf4316e9c013fdd7a74"
        },
        {
          "type": "cssRules",
          "assetId": "GrIe7_lVtx",
          "checksum": "5206cf3e3cf5cbf4316e9c013fdd7a74"
        },
        {
          "type": "renderModule",
          "assetId": "LomW3_gnOH",
          "checksum": "be0a1bb7f8ed29191f63a9c5011fe3a1"
        },
        {
          "type": "cssRules",
          "assetId": "LomW3_gnOH",
          "checksum": "be0a1bb7f8ed29191f63a9c5011fe3a1"
        },
        {
          "type": "renderModule",
          "assetId": "Qx2EHlFquu",
          "checksum": "1cc36ee12e89c602627a05d4a3ef765b"
        },
        {
          "type": "cssRules",
          "assetId": "Qx2EHlFquu",
          "checksum": "1cc36ee12e89c602627a05d4a3ef765b"
        },
        {
          "type": "icon",
          "assetId": "u0-NGqUIGUnB",
          "checksum": "ce3765b9755c683ae48d1800a2750c06"
        },
        {
          "type": "icon",
          "assetId": "9OadaZQsgX4n",
          "checksum": "a14693e68a445b57e961a5a994946b4b"
        },
        {
          "type": "icon",
          "assetId": "aUhSDn7lt2",
          "checksum": "96eaaab5c3944f47a2318ca5a3172d03"
        },
        {
          "type": "icon",
          "assetId": "XsHXLVKev",
          "checksum": "ef808c3079d9f1e7991b233faf464dfd"
        },
        {
          "type": "icon",
          "assetId": "2vaDiSQ8y",
          "checksum": "4496574a128781fb6bfdc40b5f0e4748"
        },
        {
          "type": "icon",
          "assetId": "i179dYQDQ7",
          "checksum": "b7fc135c70b2f14ceb8f4e70f62a2f88"
        },
        {
          "type": "icon",
          "assetId": "9yB8Wkgc6o",
          "checksum": "d40a60b4c0a94a4ecfd5d07447189924"
        },
        {
          "type": "image",
          "assetId": "9TFQsuGWi",
          "checksum": "1ec6482276a067d1589d752147117d88"
        },
        {
          "assetId": "4a4asApkm6hESDYKtdyu2N",
          "type": "projectCss",
          "checksum": "e40b8036e0b63079f704a0afa4e82fc6"
        }
      ]
    }
  ],
  "cliVersion": "0.1.160"
}
