{
  "projects": [
    {
      "projectId": "4a4asApkm6hESDYKtdyu2N",
      "version": "latest",
      "dependencies": {},
      "lang": "ts",
      "fileLocks": [
        {
          "type": "globalVariant",
          "assetId": "fexfuEBwKf3q",
          "checksum": "c1a8d126571c89dc720092248db66d86"
        },
        {
          "type": "renderModule",
          "assetId": "dwwYm9-1Net",
          "checksum": "b0263b00ebdc7b83503f169b7b49d3f0"
        },
        {
          "type": "cssRules",
          "assetId": "dwwYm9-1Net",
          "checksum": "b0263b00ebdc7b83503f169b7b49d3f0"
        },
        {
          "type": "renderModule",
          "assetId": "WB6h5LQiaaY8",
          "checksum": "1390fa0c144ba3987677cf47b5d5cc29"
        },
        {
          "type": "cssRules",
          "assetId": "WB6h5LQiaaY8",
          "checksum": "1390fa0c144ba3987677cf47b5d5cc29"
        },
        {
          "type": "renderModule",
          "assetId": "YifvoXt3BSlX",
          "checksum": "52b9f54a635826b54839f0cb73b7a4de"
        },
        {
          "type": "cssRules",
          "assetId": "YifvoXt3BSlX",
          "checksum": "52b9f54a635826b54839f0cb73b7a4de"
        },
        {
          "type": "renderModule",
          "assetId": "vwbA6W7e_64X",
          "checksum": "f506d6f8fa4bd30ccf0ee7933d6f174b"
        },
        {
          "type": "cssRules",
          "assetId": "vwbA6W7e_64X",
          "checksum": "f506d6f8fa4bd30ccf0ee7933d6f174b"
        },
        {
          "type": "renderModule",
          "assetId": "OTuzjleeHGwD",
          "checksum": "9ab0b5231302e71dca12bf24b7e7af27"
        },
        {
          "type": "cssRules",
          "assetId": "OTuzjleeHGwD",
          "checksum": "9ab0b5231302e71dca12bf24b7e7af27"
        },
        {
          "type": "renderModule",
          "assetId": "ggrG4g-sDOsL",
          "checksum": "eceacda4f23b4b90db0c3b7e8e97b1b8"
        },
        {
          "type": "cssRules",
          "assetId": "ggrG4g-sDOsL",
          "checksum": "eceacda4f23b4b90db0c3b7e8e97b1b8"
        },
        {
          "type": "renderModule",
          "assetId": "-7Lp1vdbVUgG",
          "checksum": "095fe2abea82b762711f33b88e2131f3"
        },
        {
          "type": "cssRules",
          "assetId": "-7Lp1vdbVUgG",
          "checksum": "095fe2abea82b762711f33b88e2131f3"
        },
        {
          "type": "renderModule",
          "assetId": "RA0kcS6NzhvF",
          "checksum": "cdf4194f9e4cebabfc4b1cb35c2cfa75"
        },
        {
          "type": "cssRules",
          "assetId": "RA0kcS6NzhvF",
          "checksum": "cdf4194f9e4cebabfc4b1cb35c2cfa75"
        },
        {
          "type": "renderModule",
          "assetId": "hJcqnmW0bQuh",
          "checksum": "8b71b8e7870b6ab1bec17c0a86ebf868"
        },
        {
          "type": "cssRules",
          "assetId": "hJcqnmW0bQuh",
          "checksum": "8b71b8e7870b6ab1bec17c0a86ebf868"
        },
        {
          "type": "renderModule",
          "assetId": "aBt1NRUsayI0",
          "checksum": "15e44ceb241fc454a6c8e3a88711cab4"
        },
        {
          "type": "cssRules",
          "assetId": "aBt1NRUsayI0",
          "checksum": "15e44ceb241fc454a6c8e3a88711cab4"
        },
        {
          "type": "renderModule",
          "assetId": "qHry5XO3se",
          "checksum": "5072a0461335ea4e01c3c1f04de57598"
        },
        {
          "type": "cssRules",
          "assetId": "qHry5XO3se",
          "checksum": "5072a0461335ea4e01c3c1f04de57598"
        },
        {
          "type": "image",
          "assetId": "pcLtgNqgipGe",
          "checksum": "d878b9af3aaa91b911dc2a1943ccb223"
        },
        {
          "type": "image",
          "assetId": "q9yrlHL2eL",
          "checksum": "6be6e5eded2f18a17d24cb54ffa25304"
        },
        {
          "type": "image",
          "assetId": "Vv7sEZavy",
          "checksum": "01cb9925ecbbf51d9ad6c24223288c37"
        },
        {
          "type": "renderModule",
          "assetId": "GrIe7_lVtx",
          "checksum": "7ab7c5868c4dbeee2e5f9fd579f1ccc0"
        },
        {
          "type": "cssRules",
          "assetId": "GrIe7_lVtx",
          "checksum": "7ab7c5868c4dbeee2e5f9fd579f1ccc0"
        },
        {
          "assetId": "4a4asApkm6hESDYKtdyu2N",
          "type": "projectCss",
          "checksum": "2a11042981fe71e877ff43409c58bdbd"
        },
        {
          "type": "renderModule",
          "assetId": "LomW3_gnOH",
          "checksum": "87d8e14f422131774281f6d1bf240efd"
        },
        {
          "type": "cssRules",
          "assetId": "LomW3_gnOH",
          "checksum": "87d8e14f422131774281f6d1bf240efd"
        },
        {
          "type": "icon",
          "assetId": "u0-NGqUIGUnB",
          "checksum": "ce3765b9755c683ae48d1800a2750c06"
        },
        {
          "type": "icon",
          "assetId": "9OadaZQsgX4n",
          "checksum": "a14693e68a445b57e961a5a994946b4b"
        },
        {
          "type": "icon",
          "assetId": "aUhSDn7lt2",
          "checksum": "96eaaab5c3944f47a2318ca5a3172d03"
        },
        {
          "type": "icon",
          "assetId": "XsHXLVKev",
          "checksum": "ef808c3079d9f1e7991b233faf464dfd"
        },
        {
          "type": "icon",
          "assetId": "2vaDiSQ8y",
          "checksum": "4496574a128781fb6bfdc40b5f0e4748"
        }
      ]
    }
  ],
  "cliVersion": "0.1.160"
}
